
Microsoft Visual Studio Solution File, Format Version 12.00
# Visual Studio Version 17
VisualStudioVersion = 17.14.36915.13 d17.14
MinimumVisualStudioVersion = 10.0.40219.1
Project("{FAE04EC0-301F-11D3-BF4B-00C04F79EFBC}") = "SmartHire", "SmartHire.csproj", "{E385D8D0-5E06-4916-B0B2-3F70496CB98F}"
EndProject
Global
	GlobalSection(SolutionConfigurationPlatforms) = preSolution
		Debug|Any CPU = Debug|Any CPU
		Release|Any CPU = Release|Any CPU
	EndGlobalSection
	GlobalSection(ProjectConfigurationPlatforms) = postSolution
		{E385D8D0-5E06-4916-B0B2-3F70496CB98F}.Debug|Any CPU.ActiveCfg = Debug|Any CPU
		{E385D8D0-5E06-4916-B0B2-3F70496CB98F}.Debug|Any CPU.Build.0 = Debug|Any CPU
		{E385D8D0-5E06-4916-B0B2-3F70496CB98F}.Release|Any CPU.ActiveCfg = Release|Any CPU
		{E385D8D0-5E06-4916-B0B2-3F70496CB98F}.Release|Any CPU.Build.0 = Release|Any CPU
	EndGlobalSection
	GlobalSection(SolutionProperties) = preSolution
		HideSolutionNode = FALSE
	EndGlobalSection
	GlobalSection(ExtensibilityGlobals) = postSolution
		SolutionGuid = {F4005880-0EEF-4273-97A8-B0C4FFB25D18}
	EndGlobalSection
EndGlobal
